// !$*UTF8*$!
{
	archiveVersion = 1;
	classes = {
	};
	objectVersion = 50;
	objects = {

/* Begin PBXBuildFile section */
		A0C79EB722C636F200BEDB76 /* AppDelegate.swift in Sources */ = {isa = PBXBuildFile; fileRef = A0C79EB622C636F200BEDB76 /* AppDelegate.swift */; };
		A0C79EB922C636F200BEDB76 /* ViewController.swift in Sources */ = {isa = PBXBuildFile; fileRef = A0C79EB822C636F200BEDB76 /* ViewController.swift */; };
		A0C79EBC22C636F200BEDB76 /* Main.storyboard in Resources */ = {isa = PBXBuildFile; fileRef = A0C79EBA22C636F200BEDB76 /* Main.storyboard */; };
		A0C79EBE22C636F300BEDB76 /* Assets.xcassets in Resources */ = {isa = PBXBuildFile; fileRef = A0C79EBD22C636F300BEDB76 /* Assets.xcassets */; };
		A0C79EC122C636F300BEDB76 /* LaunchScreen.storyboard in Resources */ = {isa = PBXBuildFile; fileRef = A0C79EBF22C636F300BEDB76 /* LaunchScreen.storyboard */; };
		A0C79EC922C637A100BEDB76 /* TableViewCell.swift in Sources */ = {isa = PBXBuildFile; fileRef = A0C79EC822C637A100BEDB76 /* TableViewCell.swift */; };
		A0C79ECB22C6413300BEDB76 /* Tweet.swift in Sources */ = {isa = PBXBuildFile; fileRef = A0C79ECA22C6413300BEDB76 /* Tweet.swift */; };
		A0C79ECE22C6418900BEDB76 /* APIController.swift in Sources */ = {isa = PBXBuildFile; fileRef = A0C79ECD22C6418900BEDB76 /* APIController.swift */; };
/* End PBXBuildFile section */

/* Begin PBXFileReference section */
		A0C79EB322C636F200BEDB76 /* D04.app */ = {isa = PBXFileReference; explicitFileType = wrapper.application; includeInIndex = 0; path = D04.app; sourceTree = BUILT_PRODUCTS_DIR; };
		A0C79EB622C636F200BEDB76 /* AppDelegate.swift */ = {isa = PBXFileReference; lastKnownFileType = sourcecode.swift; path = AppDelegate.swift; sourceTree = "<group>"; };
		A0C79EB822C636F200BEDB76 /* ViewController.swift */ = {isa = PBXFileReference; lastKnownFileType = sourcecode.swift; path = ViewController.swift; sourceTree = "<group>"; };
		A0C79EBB22C636F200BEDB76 /* Base */ = {isa = PBXFileReference; lastKnownFileType = file.storyboard; name = Base; path = Base.lproj/Main.storyboard; sourceTree = "<group>"; };
		A0C79EBD22C636F300BEDB76 /* Assets.xcassets */ = {isa = PBXFileReference; lastKnownFileType = folder.assetcatalog; path = Assets.xcassets; sourceTree = "<group>"; };
		A0C79EC022C636F300BEDB76 /* Base */ = {isa = PBXFileReference; lastKnownFileType = file.storyboard; name = Base; path = Base.lproj/LaunchScreen.storyboard; sourceTree = "<group>"; };
		A0C79EC222C636F300BEDB76 /* Info.plist */ = {isa = PBXFileReference; lastKnownFileType = text.plist.xml; path = Info.plist; sourceTree = "<group>"; };
		A0C79EC822C637A100BEDB76 /* TableViewCell.swift */ = {isa = PBXFileReference; lastKnownFileType = sourcecode.swift; path = TableViewCell.swift; sourceTree = "<group>"; };
		A0C79ECA22C6413300BEDB76 /* Tweet.swift */ = {isa = PBXFileReference; lastKnownFileType = sourcecode.swift; path = Tweet.swift; sourceTree = "<group>"; };
		A0C79ECD22C6418900BEDB76 /* APIController.swift */ = {isa = PBXFileReference; lastKnownFileType = sourcecode.swift; path = APIController.swift; sourceTree = "<group>"; };
/* End PBXFileReference section */

/* Begin PBXFrameworksBuildPhase section */
		A0C79EB022C636F200BEDB76 /* Frameworks */ = {
			isa = PBXFrameworksBuildPhase;
			buildActionMask = 2147483647;
			files = (
			);
			runOnlyForDeploymentPostprocessing = 0;
		};
/* End PBXFrameworksBuildPhase section */

/* Begin PBXGroup section */
		A062479B23167E3800DFF18E /* V */ = {
			isa = PBXGroup;
			children = (
				A0C79EC822C637A100BEDB76 /* TableViewCell.swift */,
			);
			path = V;
			sourceTree = "<group>";
		};
		A062479C23167E4700DFF18E /* M */ = {
			isa = PBXGroup;
			children = (
				A0C79ECA22C6413300BEDB76 /* Tweet.swift */,
			);
			path = M;
			sourceTree = "<group>";
		};
		A062479D23167E4D00DFF18E /* C */ = {
			isa = PBXGroup;
			children = (
				A0C79EB822C636F200BEDB76 /* ViewController.swift */,
			);
			path = C;
			sourceTree = "<group>";
		};
		A0C79EAA22C636F200BEDB76 = {
			isa = PBXGroup;
			children = (
				A0C79EB522C636F200BEDB76 /* D04 */,
				A0C79EB422C636F200BEDB76 /* Products */,
			);
			sourceTree = "<group>";
		};
		A0C79EB422C636F200BEDB76 /* Products */ = {
			isa = PBXGroup;
			children = (
				A0C79EB322C636F200BEDB76 /* D04.app */,
			);
			name = Products;
			sourceTree = "<group>";
		};
		A0C79EB522C636F200BEDB76 /* D04 */ = {
			isa = PBXGroup;
			children = (
				A0C79EB622C636F200BEDB76 /* AppDelegate.swift */,
				A0C79EBA22C636F200BEDB76 /* Main.storyboard */,
				A0C79EBD22C636F300BEDB76 /* Assets.xcassets */,
				A0C79EBF22C636F300BEDB76 /* LaunchScreen.storyboard */,
				A0C79EC222C636F300BEDB76 /* Info.plist */,
				A062479D23167E4D00DFF18E /* C */,
				A062479C23167E4700DFF18E /* M */,
				A062479B23167E3800DFF18E /* V */,
				A0C79ECC22C6416000BEDB76 /* New Group */,
			);
			path = D04;
			sourceTree = "<group>";
		};
		A0C79ECC22C6416000BEDB76 /* New Group */ = {
			isa = PBXGroup;
			children = (
				A0C79ECD22C6418900BEDB76 /* APIController.swift */,
			);
			path = "New Group";
			sourceTree = "<group>";
		};
/* End PBXGroup section */

/* Begin PBXNativeTarget section */
		A0C79EB222C636F200BEDB76 /* D04 */ = {
			isa = PBXNativeTarget;
			buildConfigurationList = A0C79EC522C636F300BEDB76 /* Build configuration list for PBXNativeTarget "D04" */;
			buildPhases = (
				A0C79EAF22C636F200BEDB76 /* Sources */,
				A0C79EB022C636F200BEDB76 /* Frameworks */,
				A0C79EB122C636F200BEDB76 /* Resources */,
			);
			buildRules = (
			);
			dependencies = (
			);
			name = D04;
			productName = D04;
			productReference = A0C79EB322C636F200BEDB76 /* D04.app */;
			productType = "com.apple.product-type.application";
		};
/* End PBXNativeTarget section */

/* Begin PBXProject section */
		A0C79EAB22C636F200BEDB76 /* Project object */ = {
			isa = PBXProject;
			attributes = {
				LastSwiftUpdateCheck = 1020;
				LastUpgradeCheck = 1020;
				ORGANIZATIONNAME = "Yolankyi SERHII";
				TargetAttributes = {
					A0C79EB222C636F200BEDB76 = {
						CreatedOnToolsVersion = 10.2.1;
					};
				};
			};
			buildConfigurationList = A0C79EAE22C636F200BEDB76 /* Build configuration list for PBXProject "D04" */;
			compatibilityVersion = "Xcode 9.3";
			developmentRegion = en;
			hasScannedForEncodings = 0;
			knownRegions = (
				en,
				Base,
			);
			mainGroup = A0C79EAA22C636F200BEDB76;
			productRefGroup = A0C79EB422C636F200BEDB76 /* Products */;
			projectDirPath = "";
			projectRoot = "";
			targets = (
				A0C79EB222C636F200BEDB76 /* D04 */,
			);
		};
/* End PBXProject section */

/* Begin PBXResourcesBuildPhase section */
		A0C79EB122C636F200BEDB76 /* Resources */ = {
			isa = PBXResourcesBuildPhase;
			buildActionMask = 2147483647;
			files = (
				A0C79EC122C636F300BEDB76 /* LaunchScreen.storyboard in Resources */,
				A0C79EBE22C636F300BEDB76 /* Assets.xcassets in Resources */,
				A0C79EBC22C636F200BEDB76 /* Main.storyboard in Resources */,
			);
			runOnlyForDeploymentPostprocessing = 0;
		};
/* End PBXResourcesBuildPhase section */

/* Begin PBXSourcesBuildPhase section */
		A0C79EAF22C636F200BEDB76 /* Sources */ = {
			isa = PBXSourcesBuildPhase;
			buildActionMask = 2147483647;
			files = (
				A0C79EC922C637A100BEDB76 /* TableViewCell.swift in Sources */,
				A0C79EB922C636F200BEDB76 /* ViewController.swift in Sources */,
				A0C79EB722C636F200BEDB76 /* AppDelegate.swift in Sources */,
				A0C79ECB22C6413300BEDB76 /* Tweet.swift in Sources */,
				A0C79ECE22C6418900BEDB76 /* APIController.swift in Sources */,
			);
			runOnlyForDeploymentPostprocessing = 0;
		};
/* End PBXSourcesBuildPhase section */

/* Begin PBXVariantGroup section */
		A0C79EBA22C636F200BEDB76 /* Main.storyboard */ = {
			isa = PBXVariantGroup;
			children = (
				A0C79EBB22C636F200BEDB76 /* Base */,
			);
			name = Main.storyboard;
			sourceTree = "<group>";
		};
		A0C79EBF22C636F300BEDB76 /* LaunchScreen.storyboard */ = {
			isa = PBXVariantGroup;
			children = (
				A0C79EC022C636F300BEDB76 /* Base */,
			);
			name = LaunchScreen.storyboard;
			sourceTree = "<group>";
		};
/* End PBXVariantGroup section */

/* Begin XCBuildConfiguration section */
		A0C79EC322C636F300BEDB76 /* Debug */ = {
			isa = XCBuildConfiguration;
			buildSettings = {
				ALWAYS_SEARCH_USER_PATHS = NO;
				CLANG_ANALYZER_NONNULL = YES;
				CLANG_ANALYZER_NUMBER_OBJECT_CONVERSION = YES_AGGRESSIVE;
				CLANG_CXX_LANGUAGE_STANDARD = "gnu++14";
				CLANG_CXX_LIBRARY = "libc++";
				CLANG_ENABLE_MODULES = YES;
				CLANG_ENABLE_OBJC_ARC = YES;
				CLANG_ENABLE_OBJC_WEAK = YES;
				CLANG_WARN_BLOCK_CAPTURE_AUTORELEASING = YES;
				CLANG_WARN_BOOL_CONVERSION = YES;
				CLANG_WARN_COMMA = YES;
				CLANG_WARN_CONSTANT_CONVERSION = YES;
				CLANG_WARN_DEPRECATED_OBJC_IMPLEMENTATIONS = YES;
				CLANG_WARN_DIRECT_OBJC_ISA_USAGE = YES_ERROR;
				CLANG_WARN_DOCUMENTATION_COMMENTS = YES;
				CLANG_WARN_EMPTY_BODY = YES;
				CLANG_WARN_ENUM_CONVERSION = YES;
				CLANG_WARN_INFINITE_RECURSION = YES;
				CLANG_WARN_INT_CONVERSION = YES;
				CLANG_WARN_NON_LITERAL_NULL_CONVERSION = YES;
				CLANG_WARN_OBJC_IMPLICIT_RETAIN_SELF = YES;
				CLANG_WARN_OBJC_LITERAL_CONVERSION = YES;
				CLANG_WARN_OBJC_ROOT_CLASS = YES_ERROR;
				CLANG_WARN_RANGE_LOOP_ANALYSIS = YES;
				CLANG_WARN_STRICT_PROTOTYPES = YES;
				CLANG_WARN_SUSPICIOUS_MOVE = YES;
				CLANG_WARN_UNGUARDED_AVAILABILITY = YES_AGGRESSIVE;
				CLANG_WARN_UNREACHABLE_CODE = YES;
				CLANG_WARN__DUPLICATE_METHOD_MATCH = YES;
				CODE_SIGN_IDENTITY = "iPhone Developer";
				COPY_PHASE_STRIP = NO;
				DEBUG_INFORMATION_FORMAT = dwarf;
				ENABLE_STRICT_OBJC_MSGSEND = YES;
				ENABLE_TESTABILITY = YES;
				GCC_C_LANGUAGE_STANDARD = gnu11;
				GCC_DYNAMIC_NO_PIC = NO;
				GCC_NO_COMMON_BLOCKS = YES;
				GCC_OPTIMIZATION_LEVEL = 0;
				GCC_PREPROCESSOR_DEFINITIONS = (
					"DEBUG=1",
					"$(inherited)",
				);
				GCC_WARN_64_TO_32_BIT_CONVERSION = YES;
				GCC_WARN_ABOUT_RETURN_TYPE = YES_ERROR;
				GCC_WARN_UNDECLARED_SELECTOR = YES;
				GCC_WARN_UNINITIALIZED_AUTOS = YES_AGGRESSIVE;
				GCC_WARN_UNUSED_FUNCTION = YES;
				GCC_WARN_UNUSED_VARIABLE = YES;
				IPHONEOS_DEPLOYMENT_TARGET = 12.2;
				MTL_ENABLE_DEBUG_INFO = INCLUDE_SOURCE;
				MTL_FAST_MATH = YES;
				ONLY_ACTIVE_ARCH = YES;
				SDKROOT = iphoneos;
				SWIFT_ACTIVE_COMPILATION_CONDITIONS = DEBUG;
				SWIFT_OPTIMIZATION_LEVEL = "-Onone";
			};
			name = Debug;
		};
		A0C79EC422C636F300BEDB76 /* Release */ = {
			isa = XCBuildConfiguration;
			buildSettings = {
				ALWAYS_SEARCH_USER_PATHS = NO;
				CLANG_ANALYZER_NONNULL = YES;
				CLANG_ANALYZER_NUMBER_OBJECT_CONVERSION = YES_AGGRESSIVE;
				CLANG_CXX_LANGUAGE_STANDARD = "gnu++14";
				CLANG_CXX_LIBRARY = "libc++";
				CLANG_ENABLE_MODULES = YES;
				CLANG_ENABLE_OBJC_ARC = YES;
				CLANG_ENABLE_OBJC_WEAK = YES;
				CLANG_WARN_BLOCK_CAPTURE_AUTORELEASING = YES;
				CLANG_WARN_BOOL_CONVERSION = YES;
				CLANG_WARN_COMMA = YES;
				CLANG_WARN_CONSTANT_CONVERSION = YES;
				CLANG_WARN_DEPRECATED_OBJC_IMPLEMENTATIONS = YES;
				CLANG_WARN_DIRECT_OBJC_ISA_USAGE = YES_ERROR;
				CLANG_WARN_DOCUMENTATION_COMMENTS = YES;
				CLANG_WARN_EMPTY_BODY = YES;
				CLANG_WARN_ENUM_CONVERSION = YES;
				CLANG_WARN_INFINITE_RECURSION = YES;
				CLANG_WARN_INT_CONVERSION = YES;
				CLANG_WARN_NON_LITERAL_NULL_CONVERSION = YES;
				CLANG_WARN_OBJC_IMPLICIT_RETAIN_SELF = YES;
				CLANG_WARN_OBJC_LITERAL_CONVERSION = YES;
				CLANG_WARN_OBJC_ROOT_CLASS = YES_ERROR;
				CLANG_WARN_RANGE_LOOP_ANALYSIS = YES;
				CLANG_WARN_STRICT_PROTOTYPES = YES;
				CLANG_WARN_SUSPICIOUS_MOVE = YES;
				CLANG_WARN_UNGUARDED_AVAILABILITY = YES_AGGRESSIVE;
				CLANG_WARN_UNREACHABLE_CODE = YES;
				CLANG_WARN__DUPLICATE_METHOD_MATCH = YES;
				CODE_SIGN_IDENTITY = "iPhone Developer";
				COPY_PHASE_STRIP = NO;
				DEBUG_INFORMATION_FORMAT = "dwarf-with-dsym";
				ENABLE_NS_ASSERTIONS = NO;
				ENABLE_STRICT_OBJC_MSGSEND = YES;
				GCC_C_LANGUAGE_STANDARD = gnu11;
				GCC_NO_COMMON_BLOCKS = YES;
				GCC_WARN_64_TO_32_BIT_CONVERSION = YES;
				GCC_WARN_ABOUT_RETURN_TYPE = YES_ERROR;
				GCC_WARN_UNDECLARED_SELECTOR = YES;
				GCC_WARN_UNINITIALIZED_AUTOS = YES_AGGRESSIVE;
				GCC_WARN_UNUSED_FUNCTION = YES;
				GCC_WARN_UNUSED_VARIABLE = YES;
				IPHONEOS_DEPLOYMENT_TARGET = 12.2;
				MTL_ENABLE_DEBUG_INFO = NO;
				MTL_FAST_MATH = YES;
				SDKROOT = iphoneos;
				SWIFT_COMPILATION_MODE = wholemodule;
				SWIFT_OPTIMIZATION_LEVEL = "-O";
				VALIDATE_PRODUCT = YES;
			};
			name = Release;
		};
		A0C79EC622C636F300BEDB76 /* Debug */ = {
			isa = XCBuildConfiguration;
			buildSettings = {
				ASSETCATALOG_COMPILER_APPICON_NAME = AppIcon;
				CODE_SIGN_STYLE = Automatic;
				DEVELOPMENT_TEAM = U55BK78F6T;
				INFOPLIST_FILE = D04/Info.plist;
				LD_RUNPATH_SEARCH_PATHS = (
					"$(inherited)",
					"@executable_path/Frameworks",
				);
				PRODUCT_BUNDLE_IDENTIFIER = "Unit-Factory.D04";
				PRODUCT_NAME = "$(TARGET_NAME)";
				SWIFT_VERSION = 5.0;
				TARGETED_DEVICE_FAMILY = "1,2";
			};
			name = Debug;
		};
		A0C79EC722C636F300BEDB76 /* Release */ = {
			isa = XCBuildConfiguration;
			buildSettings = {
				ASSETCATALOG_COMPILER_APPICON_NAME = AppIcon;
				CODE_SIGN_STYLE = Automatic;
				DEVELOPMENT_TEAM = U55BK78F6T;
				INFOPLIST_FILE = D04/Info.plist;
				LD_RUNPATH_SEARCH_PATHS = (
					"$(inherited)",
					"@executable_path/Frameworks",
				);
				PRODUCT_BUNDLE_IDENTIFIER = "Unit-Factory.D04";
				PRODUCT_NAME = "$(TARGET_NAME)";
				SWIFT_VERSION = 5.0;
				TARGETED_DEVICE_FAMILY = "1,2";
			};
			name = Release;
		};
/* End XCBuildConfiguration section */

/* Begin XCConfigurationList section */
		A0C79EAE22C636F200BEDB76 /* Build configuration list for PBXProject "D04" */ = {
			isa = XCConfigurationList;
			buildConfigurations = (
				A0C79EC322C636F300BEDB76 /* Debug */,
				A0C79EC422C636F300BEDB76 /* Release */,
			);
			defaultConfigurationIsVisible = 0;
			defaultConfigurationName = Release;
		};
		A0C79EC522C636F300BEDB76 /* Build configuration list for PBXNativeTarget "D04" */ = {
			isa = XCConfigurationList;
			buildConfigurations = (
				A0C79EC622C636F300BEDB76 /* Debug */,
				A0C79EC722C636F300BEDB76 /* Release */,
			);
			defaultConfigurationIsVisible = 0;
			defaultConfigurationName = Release;
		};
/* End XCConfigurationList section */
	};
	rootObject = A0C79EAB22C636F200BEDB76 /* Project object */;
}
